// !$*UTF8*$!
{
	archiveVersion = 1;
	classes = {
	};
	objectVersion = 46;
	objects = {

/* Begin PBXBuildFile section */
		DEDC28771E8EB514009111ED /* AppDelegate.swift in Sources */ = {isa = PBXBuildFile; fileRef = DEDC28761E8EB514009111ED /* AppDelegate.swift */; };
		DEDC28791E8EB514009111ED /* ViewController.swift in Sources */ = {isa = PBXBuildFile; fileRef = DEDC28781E8EB514009111ED /* ViewController.swift */; };
		DEDC287C1E8EB514009111ED /* Main.storyboard in Resources */ = {isa = PBXBuildFile; fileRef = DEDC287A1E8EB514009111ED /* Main.storyboard */; };
		DEDC287E1E8EB514009111ED /* Assets.xcassets in Resources */ = {isa = PBXBuildFile; fileRef = DEDC287D1E8EB514009111ED /* Assets.xcassets */; };
		DEDC28811E8EB514009111ED /* LaunchScreen.storyboard in Resources */ = {isa = PBXBuildFile; fileRef = DEDC287F1E8EB514009111ED /* LaunchScreen.storyboard */; };
/* End PBXBuildFile section */

/* Begin PBXFileReference section */
		DEDC28731E8EB514009111ED /* PassingDataBetweenViews.app */ = {isa = PBXFileReference; explicitFileType = wrapper.application; includeInIndex = 0; path = PassingDataBetweenViews.app; sourceTree = BUILT_PRODUCTS_DIR; };
		DEDC28761E8EB514009111ED /* AppDelegate.swift */ = {isa = PBXFileReference; lastKnownFileType = sourcecode.swift; path = AppDelegate.swift; sourceTree = "<group>"; };
		DEDC28781E8EB514009111ED /* ViewController.swift */ = {isa = PBXFileReference; lastKnownFileType = sourcecode.swift; path = ViewController.swift; sourceTree = "<group>"; };
		DEDC287B1E8EB514009111ED /* Base */ = {isa = PBXFileReference; lastKnownFileType = file.storyboard; name = Base; path = Base.lproj/Main.storyboard; sourceTree = "<group>"; };
		DEDC287D1E8EB514009111ED /* Assets.xcassets */ = {isa = PBXFileReference; lastKnownFileType = folder.assetcatalog; path = Assets.xcassets; sourceTree = "<group>"; };
		DEDC28801E8EB514009111ED /* Base */ = {isa = PBXFileReference; lastKnownFileType = file.storyboard; name = Base; path = Base.lproj/LaunchScreen.storyboard; sourceTree = "<group>"; };
		DEDC28821E8EB514009111ED /* Info.plist */ = {isa = PBXFileReference; lastKnownFileType = text.plist.xml; path = Info.plist; sourceTree = "<group>"; };
/* End PBXFileReference section */

/* Begin PBXFrameworksBuildPhase section */
		DEDC28701E8EB514009111ED /* Frameworks */ = {
			isa = PBXFrameworksBuildPhase;
			buildActionMask = 2147483647;
			files = (
			);
			runOnlyForDeploymentPostprocessing = 0;
		};
/* End PBXFrameworksBuildPhase section */

/* Begin PBXGroup section */
		DEDC286A1E8EB514009111ED = {
			isa = PBXGroup;
			children = (
				DEDC28751E8EB514009111ED /* PassingDataBetweenViews */,
				DEDC28741E8EB514009111ED /* Products */,
			);
			sourceTree = "<group>";
		};
		DEDC28741E8EB514009111ED /* Products */ = {
			isa = PBXGroup;
			children = (
				DEDC28731E8EB514009111ED /* PassingDataBetweenViews.app */,
			);
			name = Products;
			sourceTree = "<group>";
		};
		DEDC28751E8EB514009111ED /* PassingDataBetweenViews */ = {
			isa = PBXGroup;
			children = (
				DEDC28761E8EB514009111ED /* AppDelegate.swift */,
				DEDC28781E8EB514009111ED /* ViewController.swift */,
				DEDC287A1E8EB514009111ED /* Main.storyboard */,
				DEDC287D1E8EB514009111ED /* Assets.xcassets */,
				DEDC287F1E8EB514009111ED /* LaunchScreen.storyboard */,
				DEDC28821E8EB514009111ED /* Info.plist */,
			);
			path = PassingDataBetweenViews;
			sourceTree = "<group>";
		};
/* End PBXGroup section */

/* Begin PBXNativeTarget section */
		DEDC28721E8EB514009111ED /* PassingDataBetweenViews */ = {
			isa = PBXNativeTarget;
			buildConfigurationList = DEDC28851E8EB514009111ED /* Build configuration list for PBXNativeTarget "PassingDataBetweenViews" */;
			buildPhases = (
				DEDC286F1E8EB514009111ED /* Sources */,
				DEDC28701E8EB514009111ED /* Frameworks */,
				DEDC28711E8EB514009111ED /* Resources */,
			);
			buildRules = (
			);
			dependencies = (
			);
			name = PassingDataBetweenViews;
			productName = PassingDataBetweenViews;
			productReference = DEDC28731E8EB514009111ED /* PassingDataBetweenViews.app */;
			productType = "com.apple.product-type.application";
		};
/* End PBXNativeTarget section */

/* Begin PBXProject section */
		DEDC286B1E8EB514009111ED /* Project object */ = {
			isa = PBXProject;
			attributes = {
				LastSwiftUpdateCheck = 0820;
				LastUpgradeCheck = 0820;
				ORGANIZATIONNAME = "Sanjay Rai";
				TargetAttributes = {
					DEDC28721E8EB514009111ED = {
						CreatedOnToolsVersion = 8.2.1;
						ProvisioningStyle = Automatic;
					};
				};
			};
			buildConfigurationList = DEDC286E1E8EB514009111ED /* Build configuration list for PBXProject "PassingDataBetweenViews" */;
			compatibilityVersion = "Xcode 3.2";
			developmentRegion = English;
			hasScannedForEncodings = 0;
			knownRegions = (
				en,
				Base,
			);
			mainGroup = DEDC286A1E8EB514009111ED;
			productRefGroup = DEDC28741E8EB514009111ED /* Products */;
			projectDirPath = "";
			projectRoot = "";
			targets = (
				DEDC28721E8EB514009111ED /* PassingDataBetweenViews */,
			);
		};
/* End PBXProject section */

/* Begin PBXResourcesBuildPhase section */
		DEDC28711E8EB514009111ED /* Resources */ = {
			isa = PBXResourcesBuildPhase;
			buildActionMask = 2147483647;
			files = (
				DEDC28811E8EB514009111ED /* LaunchScreen.storyboard in Resources */,
				DEDC287E1E8EB514009111ED /* Assets.xcassets in Resources */,
				DEDC287C1E8EB514009111ED /* Main.storyboard in Resources */,
			);
			runOnlyForDeploymentPostprocessing = 0;
		};
/* End PBXResourcesBuildPhase section */

/* Begin PBXSourcesBuildPhase section */
		DEDC286F1E8EB514009111ED /* Sources */ = {
			isa = PBXSourcesBuildPhase;
			buildActionMask = 2147483647;
			files = (
				DEDC28791E8EB514009111ED /* ViewController.swift in Sources */,
				DEDC28771E8EB514009111ED /* AppDelegate.swift in Sources */,
			);
			runOnlyForDeploymentPostprocessing = 0;
		};
/* End PBXSourcesBuildPhase section */

/* Begin PBXVariantGroup section */
		DEDC287A1E8EB514009111ED /* Main.storyboard */ = {
			isa = PBXVariantGroup;
			children = (
				DEDC287B1E8EB514009111ED /* Base */,
			);
			name = Main.storyboard;
			sourceTree = "<group>";
		};
		DEDC287F1E8EB514009111ED /* LaunchScreen.storyboard */ = {
			isa = PBXVariantGroup;
			children = (
				DEDC28801E8EB514009111ED /* Base */,
			);
			name = LaunchScreen.storyboard;
			sourceTree = "<group>";
		};
/* End PBXVariantGroup section */

/* Begin XCBuildConfiguration section */
		DEDC28831E8EB514009111ED /* Debug */ = {
			isa = XCBuildConfiguration;
			buildSettings = {
				ALWAYS_SEARCH_USER_PATHS = NO;
				CLANG_ANALYZER_NONNULL = YES;
				CLANG_CXX_LANGUAGE_STANDARD = "gnu++0x";
				CLANG_CXX_LIBRARY = "libc++";
				CLANG_ENABLE_MODULES = YES;
				CLANG_ENABLE_OBJC_ARC = YES;
				CLANG_WARN_BOOL_CONVERSION = YES;
				CLANG_WARN_CONSTANT_CONVERSION = YES;
				CLANG_WARN_DIRECT_OBJC_ISA_USAGE = YES_ERROR;
				CLANG_WARN_DOCUMENTATION_COMMENTS = YES;
				CLANG_WARN_EMPTY_BODY = YES;
				CLANG_WARN_ENUM_CONVERSION = YES;
				CLANG_WARN_INFINITE_RECURSION = YES;
				CLANG_WARN_INT_CONVERSION = YES;
				CLANG_WARN_OBJC_ROOT_CLASS = YES_ERROR;
				CLANG_WARN_SUSPICIOUS_MOVE = YES;
				CLANG_WARN_UNREACHABLE_CODE = YES;
				CLANG_WARN__DUPLICATE_METHOD_MATCH = YES;
				"CODE_SIGN_IDENTITY[sdk=iphoneos*]" = "iPhone Developer";
				COPY_PHASE_STRIP = NO;
				DEBUG_INFORMATION_FORMAT = dwarf;
				ENABLE_STRICT_OBJC_MSGSEND = YES;
				ENABLE_TESTABILITY = YES;
				GCC_C_LANGUAGE_STANDARD = gnu99;
				GCC_DYNAMIC_NO_PIC = NO;
				GCC_NO_COMMON_BLOCKS = YES;
				GCC_OPTIMIZATION_LEVEL = 0;
				GCC_PREPROCESSOR_DEFINITIONS = (
					"DEBUG=1",
					"$(inherited)",
				);
				GCC_WARN_64_TO_32_BIT_CONVERSION = YES;
				GCC_WARN_ABOUT_RETURN_TYPE = YES_ERROR;
				GCC_WARN_UNDECLARED_SELECTOR = YES;
				GCC_WARN_UNINITIALIZED_AUTOS = YES_AGGRESSIVE;
				GCC_WARN_UNUSED_FUNCTION = YES;
				GCC_WARN_UNUSED_VARIABLE = YES;
				IPHONEOS_DEPLOYMENT_TARGET = 10.2;
				MTL_ENABLE_DEBUG_INFO = YES;
				ONLY_ACTIVE_ARCH = YES;
				SDKROOT = iphoneos;
				SWIFT_ACTIVE_COMPILATION_CONDITIONS = DEBUG;
				SWIFT_OPTIMIZATION_LEVEL = "-Onone";
			};
			name = Debug;
		};
		DEDC28841E8EB514009111ED /* Release */ = {
			isa = XCBuildConfiguration;
			buildSettings = {
				ALWAYS_SEARCH_USER_PATHS = NO;
				CLANG_ANALYZER_NONNULL = YES;
				CLANG_CXX_LANGUAGE_STANDARD = "gnu++0x";
				CLANG_CXX_LIBRARY = "libc++";
				CLANG_ENABLE_MODULES = YES;
				CLANG_ENABLE_OBJC_ARC = YES;
				CLANG_WARN_BOOL_CONVERSION = YES;
				CLANG_WARN_CONSTANT_CONVERSION = YES;
				CLANG_WARN_DIRECT_OBJC_ISA_USAGE = YES_ERROR;
				CLANG_WARN_DOCUMENTATION_COMMENTS = YES;
				CLANG_WARN_EMPTY_BODY = YES;
				CLANG_WARN_ENUM_CONVERSION = YES;
				CLANG_WARN_INFINITE_RECURSION = YES;
				CLANG_WARN_INT_CONVERSION = YES;
				CLANG_WARN_OBJC_ROOT_CLASS = YES_ERROR;
				CLANG_WARN_SUSPICIOUS_MOVE = YES;
				CLANG_WARN_UNREACHABLE_CODE = YES;
				CLANG_WARN__DUPLICATE_METHOD_MATCH = YES;
				"CODE_SIGN_IDENTITY[sdk=iphoneos*]" = "iPhone Developer";
				COPY_PHASE_STRIP = NO;
				DEBUG_INFORMATION_FORMAT = "dwarf-with-dsym";
				ENABLE_NS_ASSERTIONS = NO;
				ENABLE_STRICT_OBJC_MSGSEND = YES;
				GCC_C_LANGUAGE_STANDARD = gnu99;
				GCC_NO_COMMON_BLOCKS = YES;
				GCC_WARN_64_TO_32_BIT_CONVERSION = YES;
				GCC_WARN_ABOUT_RETURN_TYPE = YES_ERROR;
				GCC_WARN_UNDECLARED_SELECTOR = YES;
				GCC_WARN_UNINITIALIZED_AUTOS = YES_AGGRESSIVE;
				GCC_WARN_UNUSED_FUNCTION = YES;
				GCC_WARN_UNUSED_VARIABLE = YES;
				IPHONEOS_DEPLOYMENT_TARGET = 10.2;
				MTL_ENABLE_DEBUG_INFO = NO;
				SDKROOT = iphoneos;
				SWIFT_OPTIMIZATION_LEVEL = "-Owholemodule";
				VALIDATE_PRODUCT = YES;
			};
			name = Release;
		};
		DEDC28861E8EB514009111ED /* Debug */ = {
			isa = XCBuildConfiguration;
			buildSettings = {
				ASSETCATALOG_COMPILER_APPICON_NAME = AppIcon;
				INFOPLIST_FILE = PassingDataBetweenViews/Info.plist;
				LD_RUNPATH_SEARCH_PATHS = "$(inherited) @executable_path/Frameworks";
				PRODUCT_BUNDLE_IDENTIFIER = self.edu.SanjayRai.PassingDataBetweenViews;
				PRODUCT_NAME = "$(TARGET_NAME)";
				SWIFT_VERSION = 3.0;
			};
			name = Debug;
		};
		DEDC28871E8EB514009111ED /* Release */ = {
			isa = XCBuildConfiguration;
			buildSettings = {
				ASSETCATALOG_COMPILER_APPICON_NAME = AppIcon;
				INFOPLIST_FILE = PassingDataBetweenViews/Info.plist;
				LD_RUNPATH_SEARCH_PATHS = "$(inherited) @executable_path/Frameworks";
				PRODUCT_BUNDLE_IDENTIFIER = self.edu.SanjayRai.PassingDataBetweenViews;
				PRODUCT_NAME = "$(TARGET_NAME)";
				SWIFT_VERSION = 3.0;
			};
			name = Release;
		};
/* End XCBuildConfiguration section */

/* Begin XCConfigurationList section */
		DEDC286E1E8EB514009111ED /* Build configuration list for PBXProject "PassingDataBetweenViews" */ = {
			isa = XCConfigurationList;
			buildConfigurations = (
				DEDC28831E8EB514009111ED /* Debug */,
				DEDC28841E8EB514009111ED /* Release */,
			);
			defaultConfigurationIsVisible = 0;
			defaultConfigurationName = Release;
		};
		DEDC28851E8EB514009111ED /* Build configuration list for PBXNativeTarget "PassingDataBetweenViews" */ = {
			isa = XCConfigurationList;
			buildConfigurations = (
				DEDC28861E8EB514009111ED /* Debug */,
				DEDC28871E8EB514009111ED /* Release */,
			);
			defaultConfigurationIsVisible = 0;
		};
/* End XCConfigurationList section */
	};
	rootObject = DEDC286B1E8EB514009111ED /* Project object */;
}
